
Microsoft Visual Studio Solution File, Format Version 12.00
# Visual Studio Version 17
VisualStudioVersion = 17.3.32825.248
MinimumVisualStudioVersion = 10.0.40219.1
Project("{9A19103F-16F7-4668-BE54-9A1E7A4F7556}") = "Game Demo", "Game Demo.csproj", "{C3A52BB2-97FF-45E2-8AC5-6DABDB045F5D}"
EndProject
Global
	GlobalSection(SolutionConfigurationPlatforms) = preSolution
		Debug|Any CPU = Debug|Any CPU
		Release|Any CPU = Release|Any CPU
	EndGlobalSection
	GlobalSection(ProjectConfigurationPlatforms) = postSolution
		{C3A52BB2-97FF-45E2-8AC5-6DABDB045F5D}.Debug|Any CPU.ActiveCfg = Debug|Any CPU
		{C3A52BB2-97FF-45E2-8AC5-6DABDB045F5D}.Debug|Any CPU.Build.0 = Debug|Any CPU
		{C3A52BB2-97FF-45E2-8AC5-6DABDB045F5D}.Release|Any CPU.ActiveCfg = Release|Any CPU
		{C3A52BB2-97FF-45E2-8AC5-6DABDB045F5D}.Release|Any CPU.Build.0 = Release|Any CPU
	EndGlobalSection
	GlobalSection(SolutionProperties) = preSolution
		HideSolutionNode = FALSE
	EndGlobalSection
	GlobalSection(ExtensibilityGlobals) = postSolution
		SolutionGuid = {232C6345-5813-42CD-B7BD-C26927BDE80A}
	EndGlobalSection
EndGlobal
